// !$*UTF8*$!
{
	archiveVersion = 1;
	classes = {
	};
	objectVersion = 50;
	objects = {

/* Begin PBXBuildFile section */
		A67B43482085352E0021BFD4 /* CloudKit.framework in Frameworks */ = {isa = PBXBuildFile; fileRef = A67B43472085352E0021BFD4 /* CloudKit.framework */; };
		A67B4356208535960021BFD4 /* Main.storyboard in Resources */ = {isa = PBXBuildFile; fileRef = A67B434B208535950021BFD4 /* Main.storyboard */; };
		A67B4357208535960021BFD4 /* LaunchScreen.storyboard in Resources */ = {isa = PBXBuildFile; fileRef = A67B434C208535950021BFD4 /* LaunchScreen.storyboard */; };
		A67B4358208535960021BFD4 /* SecondViewController.swift in Sources */ = {isa = PBXBuildFile; fileRef = A67B434D208535950021BFD4 /* SecondViewController.swift */; };
		A67B4359208535960021BFD4 /* FirstViewController.swift in Sources */ = {isa = PBXBuildFile; fileRef = A67B434E208535950021BFD4 /* FirstViewController.swift */; };
		A67B435A208535960021BFD4 /* Assets.xcassets in Resources */ = {isa = PBXBuildFile; fileRef = A67B434F208535960021BFD4 /* Assets.xcassets */; };
		A67B435B208535960021BFD4 /* AppDelegate.swift in Sources */ = {isa = PBXBuildFile; fileRef = A67B4350208535960021BFD4 /* AppDelegate.swift */; };
		A67B435C208535960021BFD4 /* DayeCoffee.jpg in Resources */ = {isa = PBXBuildFile; fileRef = A67B4351208535960021BFD4 /* DayeCoffee.jpg */; };
		A67B435D208535960021BFD4 /* tableView.swift in Sources */ = {isa = PBXBuildFile; fileRef = A67B4352208535960021BFD4 /* tableView.swift */; };
		A67B435E208535960021BFD4 /* MAPVIEW.swift in Sources */ = {isa = PBXBuildFile; fileRef = A67B4353208535960021BFD4 /* MAPVIEW.swift */; };
		A67B435F208535960021BFD4 /* Order.swift in Sources */ = {isa = PBXBuildFile; fileRef = A67B4354208535960021BFD4 /* Order.swift */; };
/* End PBXBuildFile section */

/* Begin PBXFileReference section */
		A67B432E2085348E0021BFD4 /* Kad144_project3.app */ = {isa = PBXFileReference; explicitFileType = wrapper.application; includeInIndex = 0; path = Kad144_project3.app; sourceTree = BUILT_PRODUCTS_DIR; };
		A67B43452085352B0021BFD4 /* Kad144_project3.entitlements */ = {isa = PBXFileReference; lastKnownFileType = text.plist.entitlements; path = Kad144_project3.entitlements; sourceTree = "<group>"; };
		A67B43472085352E0021BFD4 /* CloudKit.framework */ = {isa = PBXFileReference; lastKnownFileType = wrapper.framework; name = CloudKit.framework; path = System/Library/Frameworks/CloudKit.framework; sourceTree = SDKROOT; };
		A67B4349208535940021BFD4 /* Kad144_project3-Bridging-Header.h */ = {isa = PBXFileReference; lastKnownFileType = sourcecode.c.h; path = "Kad144_project3-Bridging-Header.h"; sourceTree = "<group>"; };
		A67B434A208535950021BFD4 /* Info.plist */ = {isa = PBXFileReference; fileEncoding = 4; lastKnownFileType = text.plist.xml; path = Info.plist; sourceTree = "<group>"; };
		A67B434B208535950021BFD4 /* Main.storyboard */ = {isa = PBXFileReference; fileEncoding = 4; lastKnownFileType = file.storyboard; path = Main.storyboard; sourceTree = "<group>"; };
		A67B434C208535950021BFD4 /* LaunchScreen.storyboard */ = {isa = PBXFileReference; fileEncoding = 4; lastKnownFileType = file.storyboard; path = LaunchScreen.storyboard; sourceTree = "<group>"; };
		A67B434D208535950021BFD4 /* SecondViewController.swift */ = {isa = PBXFileReference; fileEncoding = 4; lastKnownFileType = sourcecode.swift; path = SecondViewController.swift; sourceTree = "<group>"; };
		A67B434E208535950021BFD4 /* FirstViewController.swift */ = {isa = PBXFileReference; fileEncoding = 4; lastKnownFileType = sourcecode.swift; path = FirstViewController.swift; sourceTree = "<group>"; };
		A67B434F208535960021BFD4 /* Assets.xcassets */ = {isa = PBXFileReference; lastKnownFileType = folder.assetcatalog; path = Assets.xcassets; sourceTree = "<group>"; };
		A67B4350208535960021BFD4 /* AppDelegate.swift */ = {isa = PBXFileReference; fileEncoding = 4; lastKnownFileType = sourcecode.swift; path = AppDelegate.swift; sourceTree = "<group>"; };
		A67B4351208535960021BFD4 /* DayeCoffee.jpg */ = {isa = PBXFileReference; lastKnownFileType = image.jpeg; path = DayeCoffee.jpg; sourceTree = "<group>"; };
		A67B4352208535960021BFD4 /* tableView.swift */ = {isa = PBXFileReference; fileEncoding = 4; lastKnownFileType = sourcecode.swift; path = tableView.swift; sourceTree = "<group>"; };
		A67B4353208535960021BFD4 /* MAPVIEW.swift */ = {isa = PBXFileReference; fileEncoding = 4; lastKnownFileType = sourcecode.swift; path = MAPVIEW.swift; sourceTree = "<group>"; };
		A67B4354208535960021BFD4 /* Order.swift */ = {isa = PBXFileReference; fileEncoding = 4; lastKnownFileType = sourcecode.swift; path = Order.swift; sourceTree = "<group>"; };
/* End PBXFileReference section */

/* Begin PBXFrameworksBuildPhase section */
		A67B432B2085348E0021BFD4 /* Frameworks */ = {
			isa = PBXFrameworksBuildPhase;
			buildActionMask = 2147483647;
			files = (
				A67B43482085352E0021BFD4 /* CloudKit.framework in Frameworks */,
			);
			runOnlyForDeploymentPostprocessing = 0;
		};
/* End PBXFrameworksBuildPhase section */

/* Begin PBXGroup section */
		A67B43252085348E0021BFD4 = {
			isa = PBXGroup;
			children = (
				A67B43302085348E0021BFD4 /* Kad144_project3 */,
				A67B432F2085348E0021BFD4 /* Products */,
				A67B43462085352E0021BFD4 /* Frameworks */,
			);
			sourceTree = "<group>";
		};
		A67B432F2085348E0021BFD4 /* Products */ = {
			isa = PBXGroup;
			children = (
				A67B432E2085348E0021BFD4 /* Kad144_project3.app */,
			);
			name = Products;
			sourceTree = "<group>";
		};
		A67B43302085348E0021BFD4 /* Kad144_project3 */ = {
			isa = PBXGroup;
			children = (
				A67B43452085352B0021BFD4 /* Kad144_project3.entitlements */,
				A67B4350208535960021BFD4 /* AppDelegate.swift */,
				A67B434F208535960021BFD4 /* Assets.xcassets */,
				A67B4351208535960021BFD4 /* DayeCoffee.jpg */,
				A67B434E208535950021BFD4 /* FirstViewController.swift */,
				A67B434A208535950021BFD4 /* Info.plist */,
				A67B434C208535950021BFD4 /* LaunchScreen.storyboard */,
				A67B434B208535950021BFD4 /* Main.storyboard */,
				A67B4353208535960021BFD4 /* MAPVIEW.swift */,
				A67B4354208535960021BFD4 /* Order.swift */,
				A67B434D208535950021BFD4 /* SecondViewController.swift */,
				A67B4352208535960021BFD4 /* tableView.swift */,
				A67B4349208535940021BFD4 /* Kad144_project3-Bridging-Header.h */,
			);
			path = Kad144_project3;
			sourceTree = "<group>";
		};
		A67B43462085352E0021BFD4 /* Frameworks */ = {
			isa = PBXGroup;
			children = (
				A67B43472085352E0021BFD4 /* CloudKit.framework */,
			);
			name = Frameworks;
			sourceTree = "<group>";
		};
/* End PBXGroup section */

/* Begin PBXNativeTarget section */
		A67B432D2085348E0021BFD4 /* Kad144_project3 */ = {
			isa = PBXNativeTarget;
			buildConfigurationList = A67B4342208534900021BFD4 /* Build configuration list for PBXNativeTarget "Kad144_project3" */;
			buildPhases = (
				A67B432A2085348E0021BFD4 /* Sources */,
				A67B432B2085348E0021BFD4 /* Frameworks */,
				A67B432C2085348E0021BFD4 /* Resources */,
			);
			buildRules = (
			);
			dependencies = (
			);
			name = Kad144_project3;
			productName = Kad144_project3;
			productReference = A67B432E2085348E0021BFD4 /* Kad144_project3.app */;
			productType = "com.apple.product-type.application";
		};
/* End PBXNativeTarget section */

/* Begin PBXProject section */
		A67B43262085348E0021BFD4 /* Project object */ = {
			isa = PBXProject;
			attributes = {
				LastSwiftUpdateCheck = 0930;
				LastUpgradeCheck = 0930;
				ORGANIZATIONNAME = "kenean dukamo";
				TargetAttributes = {
					A67B432D2085348E0021BFD4 = {
						CreatedOnToolsVersion = 9.3;
						LastSwiftMigration = 0930;
						SystemCapabilities = {
							com.apple.GameCenter.iOS = {
								enabled = 0;
							};
							com.apple.Push = {
								enabled = 1;
							};
							com.apple.iCloud = {
								enabled = 1;
							};
						};
					};
				};
			};
			buildConfigurationList = A67B43292085348E0021BFD4 /* Build configuration list for PBXProject "Kad144_project3" */;
			compatibilityVersion = "Xcode 9.3";
			developmentRegion = en;
			hasScannedForEncodings = 0;
			knownRegions = (
				en,
				Base,
			);
			mainGroup = A67B43252085348E0021BFD4;
			productRefGroup = A67B432F2085348E0021BFD4 /* Products */;
			projectDirPath = "";
			projectRoot = "";
			targets = (
				A67B432D2085348E0021BFD4 /* Kad144_project3 */,
			);
		};
/* End PBXProject section */

/* Begin PBXResourcesBuildPhase section */
		A67B432C2085348E0021BFD4 /* Resources */ = {
			isa = PBXResourcesBuildPhase;
			buildActionMask = 2147483647;
			files = (
				A67B4357208535960021BFD4 /* LaunchScreen.storyboard in Resources */,
				A67B435A208535960021BFD4 /* Assets.xcassets in Resources */,
				A67B4356208535960021BFD4 /* Main.storyboard in Resources */,
				A67B435C208535960021BFD4 /* DayeCoffee.jpg in Resources */,
			);
			runOnlyForDeploymentPostprocessing = 0;
		};
/* End PBXResourcesBuildPhase section */

/* Begin PBXSourcesBuildPhase section */
		A67B432A2085348E0021BFD4 /* Sources */ = {
			isa = PBXSourcesBuildPhase;
			buildActionMask = 2147483647;
			files = (
				A67B435F208535960021BFD4 /* Order.swift in Sources */,
				A67B435E208535960021BFD4 /* MAPVIEW.swift in Sources */,
				A67B435B208535960021BFD4 /* AppDelegate.swift in Sources */,
				A67B435D208535960021BFD4 /* tableView.swift in Sources */,
				A67B4358208535960021BFD4 /* SecondViewController.swift in Sources */,
				A67B4359208535960021BFD4 /* FirstViewController.swift in Sources */,
			);
			runOnlyForDeploymentPostprocessing = 0;
		};
/* End PBXSourcesBuildPhase section */

/* Begin XCBuildConfiguration section */
		A67B4340208534900021BFD4 /* Debug */ = {
			isa = XCBuildConfiguration;
			buildSettings = {
				ALWAYS_SEARCH_USER_PATHS = NO;
				CLANG_ANALYZER_NONNULL = YES;
				CLANG_ANALYZER_NUMBER_OBJECT_CONVERSION = YES_AGGRESSIVE;
				CLANG_CXX_LANGUAGE_STANDARD = "gnu++14";
				CLANG_CXX_LIBRARY = "libc++";
				CLANG_ENABLE_MODULES = YES;
				CLANG_ENABLE_OBJC_ARC = YES;
				CLANG_ENABLE_OBJC_WEAK = YES;
				CLANG_WARN_BLOCK_CAPTURE_AUTORELEASING = YES;
				CLANG_WARN_BOOL_CONVERSION = YES;
				CLANG_WARN_COMMA = YES;
				CLANG_WARN_CONSTANT_CONVERSION = YES;
				CLANG_WARN_DEPRECATED_OBJC_IMPLEMENTATIONS = YES;
				CLANG_WARN_DIRECT_OBJC_ISA_USAGE = YES_ERROR;
				CLANG_WARN_DOCUMENTATION_COMMENTS = YES;
				CLANG_WARN_EMPTY_BODY = YES;
				CLANG_WARN_ENUM_CONVERSION = YES;
				CLANG_WARN_INFINITE_RECURSION = YES;
				CLANG_WARN_INT_CONVERSION = YES;
				CLANG_WARN_NON_LITERAL_NULL_CONVERSION = YES;
				CLANG_WARN_OBJC_IMPLICIT_RETAIN_SELF = YES;
				CLANG_WARN_OBJC_LITERAL_CONVERSION = YES;
				CLANG_WARN_OBJC_ROOT_CLASS = YES_ERROR;
				CLANG_WARN_RANGE_LOOP_ANALYSIS = YES;
				CLANG_WARN_STRICT_PROTOTYPES = YES;
				CLANG_WARN_SUSPICIOUS_MOVE = YES;
				CLANG_WARN_UNGUARDED_AVAILABILITY = YES_AGGRESSIVE;
				CLANG_WARN_UNREACHABLE_CODE = YES;
				CLANG_WARN__DUPLICATE_METHOD_MATCH = YES;
				CODE_SIGN_IDENTITY = "iPhone Developer";
				COPY_PHASE_STRIP = NO;
				DEBUG_INFORMATION_FORMAT = dwarf;
				ENABLE_STRICT_OBJC_MSGSEND = YES;
				ENABLE_TESTABILITY = YES;
				GCC_C_LANGUAGE_STANDARD = gnu11;
				GCC_DYNAMIC_NO_PIC = NO;
				GCC_NO_COMMON_BLOCKS = YES;
				GCC_OPTIMIZATION_LEVEL = 0;
				GCC_PREPROCESSOR_DEFINITIONS = (
					"DEBUG=1",
					"$(inherited)",
				);
				GCC_WARN_64_TO_32_BIT_CONVERSION = YES;
				GCC_WARN_ABOUT_RETURN_TYPE = YES_ERROR;
				GCC_WARN_UNDECLARED_SELECTOR = YES;
				GCC_WARN_UNINITIALIZED_AUTOS = YES_AGGRESSIVE;
				GCC_WARN_UNUSED_FUNCTION = YES;
				GCC_WARN_UNUSED_VARIABLE = YES;
				IPHONEOS_DEPLOYMENT_TARGET = 11.3;
				MTL_ENABLE_DEBUG_INFO = YES;
				ONLY_ACTIVE_ARCH = YES;
				SDKROOT = iphoneos;
				SWIFT_ACTIVE_COMPILATION_CONDITIONS = DEBUG;
				SWIFT_OPTIMIZATION_LEVEL = "-Onone";
			};
			name = Debug;
		};
		A67B4341208534900021BFD4 /* Release */ = {
			isa = XCBuildConfiguration;
			buildSettings = {
				ALWAYS_SEARCH_USER_PATHS = NO;
				CLANG_ANALYZER_NONNULL = YES;
				CLANG_ANALYZER_NUMBER_OBJECT_CONVERSION = YES_AGGRESSIVE;
				CLANG_CXX_LANGUAGE_STANDARD = "gnu++14";
				CLANG_CXX_LIBRARY = "libc++";
				CLANG_ENABLE_MODULES = YES;
				CLANG_ENABLE_OBJC_ARC = YES;
				CLANG_ENABLE_OBJC_WEAK = YES;
				CLANG_WARN_BLOCK_CAPTURE_AUTORELEASING = YES;
				CLANG_WARN_BOOL_CONVERSION = YES;
				CLANG_WARN_COMMA = YES;
				CLANG_WARN_CONSTANT_CONVERSION = YES;
				CLANG_WARN_DEPRECATED_OBJC_IMPLEMENTATIONS = YES;
				CLANG_WARN_DIRECT_OBJC_ISA_USAGE = YES_ERROR;
				CLANG_WARN_DOCUMENTATION_COMMENTS = YES;
				CLANG_WARN_EMPTY_BODY = YES;
				CLANG_WARN_ENUM_CONVERSION = YES;
				CLANG_WARN_INFINITE_RECURSION = YES;
				CLANG_WARN_INT_CONVERSION = YES;
				CLANG_WARN_NON_LITERAL_NULL_CONVERSION = YES;
				CLANG_WARN_OBJC_IMPLICIT_RETAIN_SELF = YES;
				CLANG_WARN_OBJC_LITERAL_CONVERSION = YES;
				CLANG_WARN_OBJC_ROOT_CLASS = YES_ERROR;
				CLANG_WARN_RANGE_LOOP_ANALYSIS = YES;
				CLANG_WARN_STRICT_PROTOTYPES = YES;
				CLANG_WARN_SUSPICIOUS_MOVE = YES;
				CLANG_WARN_UNGUARDED_AVAILABILITY = YES_AGGRESSIVE;
				CLANG_WARN_UNREACHABLE_CODE = YES;
				CLANG_WARN__DUPLICATE_METHOD_MATCH = YES;
				CODE_SIGN_IDENTITY = "iPhone Developer";
				COPY_PHASE_STRIP = NO;
				DEBUG_INFORMATION_FORMAT = "dwarf-with-dsym";
				ENABLE_NS_ASSERTIONS = NO;
				ENABLE_STRICT_OBJC_MSGSEND = YES;
				GCC_C_LANGUAGE_STANDARD = gnu11;
				GCC_NO_COMMON_BLOCKS = YES;
				GCC_WARN_64_TO_32_BIT_CONVERSION = YES;
				GCC_WARN_ABOUT_RETURN_TYPE = YES_ERROR;
				GCC_WARN_UNDECLARED_SELECTOR = YES;
				GCC_WARN_UNINITIALIZED_AUTOS = YES_AGGRESSIVE;
				GCC_WARN_UNUSED_FUNCTION = YES;
				GCC_WARN_UNUSED_VARIABLE = YES;
				IPHONEOS_DEPLOYMENT_TARGET = 11.3;
				MTL_ENABLE_DEBUG_INFO = NO;
				SDKROOT = iphoneos;
				SWIFT_COMPILATION_MODE = wholemodule;
				SWIFT_OPTIMIZATION_LEVEL = "-O";
				VALIDATE_PRODUCT = YES;
			};
			name = Release;
		};
		A67B4343208534900021BFD4 /* Debug */ = {
			isa = XCBuildConfiguration;
			buildSettings = {
				ASSETCATALOG_COMPILER_APPICON_NAME = AppIcon;
				CLANG_ENABLE_MODULES = YES;
				CODE_SIGN_ENTITLEMENTS = Kad144_project3/Kad144_project3.entitlements;
				CODE_SIGN_IDENTITY = "iPhone Developer";
				CODE_SIGN_STYLE = Automatic;
				DEVELOPMENT_TEAM = 3FT8PS6NT6;
				INFOPLIST_FILE = Kad144_project3/Info.plist;
				LD_RUNPATH_SEARCH_PATHS = (
					"$(inherited)",
					"@executable_path/Frameworks",
				);
				PRODUCT_BUNDLE_IDENTIFIER = edu.uakron.cs.ios.kad144;
				PRODUCT_NAME = "$(TARGET_NAME)";
				PROVISIONING_PROFILE_SPECIFIER = "";
				SWIFT_OBJC_BRIDGING_HEADER = "Kad144_project3/Kad144_project3-Bridging-Header.h";
				SWIFT_OPTIMIZATION_LEVEL = "-Onone";
				SWIFT_VERSION = 4.0;
				TARGETED_DEVICE_FAMILY = "1,2";
			};
			name = Debug;
		};
		A67B4344208534900021BFD4 /* Release */ = {
			isa = XCBuildConfiguration;
			buildSettings = {
				ASSETCATALOG_COMPILER_APPICON_NAME = AppIcon;
				CLANG_ENABLE_MODULES = YES;
				CODE_SIGN_ENTITLEMENTS = Kad144_project3/Kad144_project3.entitlements;
				CODE_SIGN_IDENTITY = "iPhone Developer";
				CODE_SIGN_STYLE = Automatic;
				DEVELOPMENT_TEAM = 3FT8PS6NT6;
				INFOPLIST_FILE = Kad144_project3/Info.plist;
				LD_RUNPATH_SEARCH_PATHS = (
					"$(inherited)",
					"@executable_path/Frameworks",
				);
				PRODUCT_BUNDLE_IDENTIFIER = edu.uakron.cs.ios.kad144;
				PRODUCT_NAME = "$(TARGET_NAME)";
				PROVISIONING_PROFILE_SPECIFIER = "";
				SWIFT_OBJC_BRIDGING_HEADER = "Kad144_project3/Kad144_project3-Bridging-Header.h";
				SWIFT_VERSION = 4.0;
				TARGETED_DEVICE_FAMILY = "1,2";
			};
			name = Release;
		};
/* End XCBuildConfiguration section */

/* Begin XCConfigurationList section */
		A67B43292085348E0021BFD4 /* Build configuration list for PBXProject "Kad144_project3" */ = {
			isa = XCConfigurationList;
			buildConfigurations = (
				A67B4340208534900021BFD4 /* Debug */,
				A67B4341208534900021BFD4 /* Release */,
			);
			defaultConfigurationIsVisible = 0;
			defaultConfigurationName = Release;
		};
		A67B4342208534900021BFD4 /* Build configuration list for PBXNativeTarget "Kad144_project3" */ = {
			isa = XCConfigurationList;
			buildConfigurations = (
				A67B4343208534900021BFD4 /* Debug */,
				A67B4344208534900021BFD4 /* Release */,
			);
			defaultConfigurationIsVisible = 0;
			defaultConfigurationName = Release;
		};
/* End XCConfigurationList section */
	};
	rootObject = A67B43262085348E0021BFD4 /* Project object */;
}
